
Microsoft Visual Studio Solution File, Format Version 12.00
# Visual Studio 15
VisualStudioVersion = 15.0.28010.2041
MinimumVisualStudioVersion = 10.0.40219.1
Project("{FAE04EC0-301F-11D3-BF4B-00C04F79EFBC}") = "KEANet", "KEANet\KEANet.csproj", "{6F0C2BB6-8AEA-4109-9468-436958F7ECE6}"
EndProject
Global
	GlobalSection(SolutionConfigurationPlatforms) = preSolution
		Debug|Any CPU = Debug|Any CPU
		Release|Any CPU = Release|Any CPU
	EndGlobalSection
	GlobalSection(ProjectConfigurationPlatforms) = postSolution
		{6F0C2BB6-8AEA-4109-9468-436958F7ECE6}.Debug|Any CPU.ActiveCfg = Debug|Any CPU
		{6F0C2BB6-8AEA-4109-9468-436958F7ECE6}.Debug|Any CPU.Build.0 = Debug|Any CPU
		{6F0C2BB6-8AEA-4109-9468-436958F7ECE6}.Release|Any CPU.ActiveCfg = Release|Any CPU
		{6F0C2BB6-8AEA-4109-9468-436958F7ECE6}.Release|Any CPU.Build.0 = Release|Any CPU
	EndGlobalSection
	GlobalSection(SolutionProperties) = preSolution
		HideSolutionNode = FALSE
	EndGlobalSection
	GlobalSection(ExtensibilityGlobals) = postSolution
		SolutionGuid = {7EED9DE3-8DC6-4D3D-874E-F1CDB83CDCD3}
	EndGlobalSection
EndGlobal
