
Microsoft Visual Studio Solution File, Format Version 12.00
# Visual Studio 15
VisualStudioVersion = 15.0.28010.2041
MinimumVisualStudioVersion = 10.0.40219.1
Project("{FAE04EC0-301F-11D3-BF4B-00C04F79EFBC}") = "WindowsFormsApp", "WindowsFormsApp\WindowsFormsApp.csproj", "{86B38688-F645-464E-B0C9-EBF5FCA2CA70}"
EndProject
Global
	GlobalSection(SolutionConfigurationPlatforms) = preSolution
		Debug|Any CPU = Debug|Any CPU
		Release|Any CPU = Release|Any CPU
	EndGlobalSection
	GlobalSection(ProjectConfigurationPlatforms) = postSolution
		{86B38688-F645-464E-B0C9-EBF5FCA2CA70}.Debug|Any CPU.ActiveCfg = Debug|Any CPU
		{86B38688-F645-464E-B0C9-EBF5FCA2CA70}.Debug|Any CPU.Build.0 = Debug|Any CPU
		{86B38688-F645-464E-B0C9-EBF5FCA2CA70}.Release|Any CPU.ActiveCfg = Release|Any CPU
		{86B38688-F645-464E-B0C9-EBF5FCA2CA70}.Release|Any CPU.Build.0 = Release|Any CPU
	EndGlobalSection
	GlobalSection(SolutionProperties) = preSolution
		HideSolutionNode = FALSE
	EndGlobalSection
	GlobalSection(ExtensibilityGlobals) = postSolution
		SolutionGuid = {6525FB53-14A8-41C6-8C8D-969646D7D30A}
	EndGlobalSection
EndGlobal
